// !$*UTF8*$!
{
	archiveVersion = 1;
	classes = {
	};
	objectVersion = 77;
	objects = {

/* Begin PBXBuildFile section */
		463A9F582D413F2E00ABF576 /* SFBAudioEngine in Frameworks */ = {isa = PBXBuildFile; productRef = 463A9F572D413F2E00ABF576 /* SFBAudioEngine */; };
		464DC2EF2D75F8A80000D944 /* OrderedCollections in Frameworks */ = {isa = PBXBuildFile; productRef = 464DC2EE2D75F8A80000D944 /* OrderedCollections */; };
		464DC3AF2D7602C90000D944 /* AsyncAlgorithms in Frameworks */ = {isa = PBXBuildFile; productRef = 464DC3AE2D7602C90000D944 /* AsyncAlgorithms */; };
		4681EC122D92FD630067679B /* ExtensionTester.appex in Copy Extensions */ = {isa = PBXBuildFile; fileRef = 4681EC0A2D92FD630067679B /* ExtensionTester.appex */; settings = {ATTRIBUTES = (RemoveHeadersOnCopy, ); }; };
		46D124E42D93708B00233B3F /* TheListeningRoomExtensionSDK in Frameworks */ = {isa = PBXBuildFile; productRef = 46B6A9442D93511200BCE8CA /* TheListeningRoomExtensionSDK */; };
		46D124E62D93708B00233B3F /* TheListeningRoomExtensionSDK in Frameworks */ = {isa = PBXBuildFile; productRef = 46B6A9462D93511600BCE8CA /* TheListeningRoomExtensionSDK */; };
/* End PBXBuildFile section */

/* Begin PBXContainerItemProxy section */
		463A9F272D413AFF00ABF576 /* PBXContainerItemProxy */ = {
			isa = PBXContainerItemProxy;
			containerPortal = 463A9F0D2D413AFF00ABF576 /* Project object */;
			proxyType = 1;
			remoteGlobalIDString = 463A9F142D413AFF00ABF576;
			remoteInfo = M9r;
		};
		4681EC102D92FD630067679B /* PBXContainerItemProxy */ = {
			isa = PBXContainerItemProxy;
			containerPortal = 463A9F0D2D413AFF00ABF576 /* Project object */;
			proxyType = 1;
			remoteGlobalIDString = 4681EC092D92FD630067679B;
			remoteInfo = ExtensionTester;
		};
/* End PBXContainerItemProxy section */

/* Begin PBXCopyFilesBuildPhase section */
		464C03502D85CAE300C699E7 /* Copy Extensions */ = {
			isa = PBXCopyFilesBuildPhase;
			buildActionMask = 2147483647;
			dstPath = "$(EXTENSIONS_FOLDER_PATH)";
			dstSubfolderSpec = 16;
			files = (
				4681EC122D92FD630067679B /* ExtensionTester.appex in Copy Extensions */,
			);
			name = "Copy Extensions";
			runOnlyForDeploymentPostprocessing = 0;
		};
/* End PBXCopyFilesBuildPhase section */

/* Begin PBXFileReference section */
		463377EB2D62AF1400859BC3 /* MAINTAINERS */ = {isa = PBXFileReference; lastKnownFileType = text; path = MAINTAINERS; sourceTree = "<group>"; };
		463A9F152D413AFF00ABF576 /* TheListeningRoom.app */ = {isa = PBXFileReference; explicitFileType = wrapper.application; includeInIndex = 0; path = TheListeningRoom.app; sourceTree = BUILT_PRODUCTS_DIR; };
		463A9F262D413AFF00ABF576 /* TheListeningRoomTests.xctest */ = {isa = PBXFileReference; explicitFileType = wrapper.cfbundle; includeInIndex = 0; path = TheListeningRoomTests.xctest; sourceTree = BUILT_PRODUCTS_DIR; };
		463A9F532D413B1C00ABF576 /* LICENSE */ = {isa = PBXFileReference; lastKnownFileType = text; path = LICENSE; sourceTree = "<group>"; };
		463A9F542D413B1C00ABF576 /* README.md */ = {isa = PBXFileReference; lastKnownFileType = net.daringfireball.markdown; path = README.md; sourceTree = "<group>"; };
		4681EC0A2D92FD630067679B /* ExtensionTester.appex */ = {isa = PBXFileReference; explicitFileType = "wrapper.extensionkit-extension"; includeInIndex = 0; path = ExtensionTester.appex; sourceTree = BUILT_PRODUCTS_DIR; };
		46B6A9432D93510400BCE8CA /* TheListeningRoomExtensionSDK */ = {isa = PBXFileReference; lastKnownFileType = wrapper; path = TheListeningRoomExtensionSDK; sourceTree = "<group>"; };
/* End PBXFileReference section */

/* Begin PBXFileSystemSynchronizedBuildFileExceptionSet section */
		467A01382D4C12520067EB43 /* Exceptions for "TheListeningRoom" folder in "TheListeningRoom" target */ = {
			isa = PBXFileSystemSynchronizedBuildFileExceptionSet;
			membershipExceptions = (
				Config.xcconfig,
				Extensions/io.github.decarbonization.TheListeningRoom.appextensionpoint,
				Info.plist,
			);
			target = 463A9F142D413AFF00ABF576 /* TheListeningRoom */;
		};
		4681EC162D92FD630067679B /* Exceptions for "ExtensionTester" folder in "ExtensionTester" target */ = {
			isa = PBXFileSystemSynchronizedBuildFileExceptionSet;
			membershipExceptions = (
				Info.plist,
			);
			target = 4681EC092D92FD630067679B /* ExtensionTester */;
		};
/* End PBXFileSystemSynchronizedBuildFileExceptionSet section */

/* Begin PBXFileSystemSynchronizedGroupBuildPhaseMembershipExceptionSet section */
		464C03522D85CAF000C699E7 /* Exceptions for "TheListeningRoom" folder in "Copy Extensions" phase from "TheListeningRoom" target */ = {
			isa = PBXFileSystemSynchronizedGroupBuildPhaseMembershipExceptionSet;
			buildPhase = 464C03502D85CAE300C699E7 /* Copy Extensions */;
			membershipExceptions = (
				Extensions/io.github.decarbonization.TheListeningRoom.appextensionpoint,
			);
		};
/* End PBXFileSystemSynchronizedGroupBuildPhaseMembershipExceptionSet section */

/* Begin PBXFileSystemSynchronizedRootGroup section */
		463A9F172D413AFF00ABF576 /* TheListeningRoom */ = {
			isa = PBXFileSystemSynchronizedRootGroup;
			exceptions = (
				467A01382D4C12520067EB43 /* Exceptions for "TheListeningRoom" folder in "TheListeningRoom" target */,
				464C03522D85CAF000C699E7 /* Exceptions for "TheListeningRoom" folder in "Copy Extensions" phase from "TheListeningRoom" target */,
			);
			path = TheListeningRoom;
			sourceTree = "<group>";
		};
		463A9F292D413AFF00ABF576 /* TheListeningRoomTests */ = {
			isa = PBXFileSystemSynchronizedRootGroup;
			path = TheListeningRoomTests;
			sourceTree = "<group>";
		};
		4681EC0B2D92FD630067679B /* ExtensionTester */ = {
			isa = PBXFileSystemSynchronizedRootGroup;
			exceptions = (
				4681EC162D92FD630067679B /* Exceptions for "ExtensionTester" folder in "ExtensionTester" target */,
			);
			path = ExtensionTester;
			sourceTree = "<group>";
		};
/* End PBXFileSystemSynchronizedRootGroup section */

/* Begin PBXFrameworksBuildPhase section */
		463A9F122D413AFF00ABF576 /* Frameworks */ = {
			isa = PBXFrameworksBuildPhase;
			buildActionMask = 2147483647;
			files = (
				46D124E42D93708B00233B3F /* TheListeningRoomExtensionSDK in Frameworks */,
				464DC2EF2D75F8A80000D944 /* OrderedCollections in Frameworks */,
				463A9F582D413F2E00ABF576 /* SFBAudioEngine in Frameworks */,
				464DC3AF2D7602C90000D944 /* AsyncAlgorithms in Frameworks */,
			);
			runOnlyForDeploymentPostprocessing = 0;
		};
		463A9F232D413AFF00ABF576 /* Frameworks */ = {
			isa = PBXFrameworksBuildPhase;
			buildActionMask = 2147483647;
			files = (
			);
			runOnlyForDeploymentPostprocessing = 0;
		};
		4681EC072D92FD630067679B /* Frameworks */ = {
			isa = PBXFrameworksBuildPhase;
			buildActionMask = 2147483647;
			files = (
				46D124E62D93708B00233B3F /* TheListeningRoomExtensionSDK in Frameworks */,
			);
			runOnlyForDeploymentPostprocessing = 0;
		};
/* End PBXFrameworksBuildPhase section */

/* Begin PBXGroup section */
		463A9F0C2D413AFF00ABF576 = {
			isa = PBXGroup;
			children = (
				463A9F542D413B1C00ABF576 /* README.md */,
				463A9F532D413B1C00ABF576 /* LICENSE */,
				463377EB2D62AF1400859BC3 /* MAINTAINERS */,
				463A9F172D413AFF00ABF576 /* TheListeningRoom */,
				463A9F292D413AFF00ABF576 /* TheListeningRoomTests */,
				46B6A9432D93510400BCE8CA /* TheListeningRoomExtensionSDK */,
				4681EC0B2D92FD630067679B /* ExtensionTester */,
				463A9F562D413F2E00ABF576 /* Frameworks */,
				463A9F162D413AFF00ABF576 /* Products */,
			);
			sourceTree = "<group>";
		};
		463A9F162D413AFF00ABF576 /* Products */ = {
			isa = PBXGroup;
			children = (
				463A9F152D413AFF00ABF576 /* TheListeningRoom.app */,
				463A9F262D413AFF00ABF576 /* TheListeningRoomTests.xctest */,
				4681EC0A2D92FD630067679B /* ExtensionTester.appex */,
			);
			name = Products;
			sourceTree = "<group>";
		};
		463A9F562D413F2E00ABF576 /* Frameworks */ = {
			isa = PBXGroup;
			children = (
			);
			name = Frameworks;
			sourceTree = "<group>";
		};
/* End PBXGroup section */

/* Begin PBXNativeTarget section */
		463A9F142D413AFF00ABF576 /* TheListeningRoom */ = {
			isa = PBXNativeTarget;
			buildConfigurationList = 463A9F3A2D413AFF00ABF576 /* Build configuration list for PBXNativeTarget "TheListeningRoom" */;
			buildPhases = (
				463A9F112D413AFF00ABF576 /* Sources */,
				463A9F122D413AFF00ABF576 /* Frameworks */,
				463A9F132D413AFF00ABF576 /* Resources */,
				464C03502D85CAE300C699E7 /* Copy Extensions */,
			);
			buildRules = (
			);
			dependencies = (
				463A9F5A2D413F3200ABF576 /* PBXTargetDependency */,
				4681EC112D92FD630067679B /* PBXTargetDependency */,
			);
			fileSystemSynchronizedGroups = (
				463A9F172D413AFF00ABF576 /* TheListeningRoom */,
			);
			name = TheListeningRoom;
			packageProductDependencies = (
				463A9F572D413F2E00ABF576 /* SFBAudioEngine */,
				464DC2EE2D75F8A80000D944 /* OrderedCollections */,
				464DC3AE2D7602C90000D944 /* AsyncAlgorithms */,
				46B6A9442D93511200BCE8CA /* TheListeningRoomExtensionSDK */,
			);
			productName = M9r;
			productReference = 463A9F152D413AFF00ABF576 /* TheListeningRoom.app */;
			productType = "com.apple.product-type.application";
		};
		463A9F252D413AFF00ABF576 /* TheListeningRoomTests */ = {
			isa = PBXNativeTarget;
			buildConfigurationList = 463A9F3D2D413AFF00ABF576 /* Build configuration list for PBXNativeTarget "TheListeningRoomTests" */;
			buildPhases = (
				463A9F222D413AFF00ABF576 /* Sources */,
				463A9F232D413AFF00ABF576 /* Frameworks */,
				463A9F242D413AFF00ABF576 /* Resources */,
			);
			buildRules = (
			);
			dependencies = (
				463A9F282D413AFF00ABF576 /* PBXTargetDependency */,
			);
			fileSystemSynchronizedGroups = (
				463A9F292D413AFF00ABF576 /* TheListeningRoomTests */,
			);
			name = TheListeningRoomTests;
			packageProductDependencies = (
			);
			productName = M9rTests;
			productReference = 463A9F262D413AFF00ABF576 /* TheListeningRoomTests.xctest */;
			productType = "com.apple.product-type.bundle.unit-test";
		};
		4681EC092D92FD630067679B /* ExtensionTester */ = {
			isa = PBXNativeTarget;
			buildConfigurationList = 4681EC132D92FD630067679B /* Build configuration list for PBXNativeTarget "ExtensionTester" */;
			buildPhases = (
				4681EC062D92FD630067679B /* Sources */,
				4681EC072D92FD630067679B /* Frameworks */,
				4681EC082D92FD630067679B /* Resources */,
			);
			buildRules = (
			);
			dependencies = (
			);
			fileSystemSynchronizedGroups = (
				4681EC0B2D92FD630067679B /* ExtensionTester */,
			);
			name = ExtensionTester;
			packageProductDependencies = (
				46B6A9462D93511600BCE8CA /* TheListeningRoomExtensionSDK */,
			);
			productName = ExtensionTester;
			productReference = 4681EC0A2D92FD630067679B /* ExtensionTester.appex */;
			productType = "com.apple.product-type.extensionkit-extension";
		};
/* End PBXNativeTarget section */

/* Begin PBXProject section */
		463A9F0D2D413AFF00ABF576 /* Project object */ = {
			isa = PBXProject;
			attributes = {
				BuildIndependentTargetsInParallel = 1;
				LastSwiftUpdateCheck = 1620;
				LastUpgradeCheck = 1620;
				ORGANIZATIONNAME = "M9r Project";
				TargetAttributes = {
					463A9F142D413AFF00ABF576 = {
						CreatedOnToolsVersion = 16.2;
					};
					463A9F252D413AFF00ABF576 = {
						CreatedOnToolsVersion = 16.2;
						TestTargetID = 463A9F142D413AFF00ABF576;
					};
					4681EC092D92FD630067679B = {
						CreatedOnToolsVersion = 16.2;
					};
				};
			};
			buildConfigurationList = 463A9F102D413AFF00ABF576 /* Build configuration list for PBXProject "TheListeningRoom" */;
			developmentRegion = en;
			hasScannedForEncodings = 0;
			knownRegions = (
				en,
				Base,
			);
			mainGroup = 463A9F0C2D413AFF00ABF576;
			minimizedProjectReferenceProxies = 1;
			packageReferences = (
				463A9F552D413F2000ABF576 /* XCRemoteSwiftPackageReference "SFBAudioEngine" */,
				464DC2ED2D75F8930000D944 /* XCRemoteSwiftPackageReference "swift-collections" */,
				464DC3AD2D7602C90000D944 /* XCRemoteSwiftPackageReference "swift-async-algorithms" */,
			);
			preferredProjectObjectVersion = 77;
			productRefGroup = 463A9F162D413AFF00ABF576 /* Products */;
			projectDirPath = "";
			projectRoot = "";
			targets = (
				463A9F142D413AFF00ABF576 /* TheListeningRoom */,
				463A9F252D413AFF00ABF576 /* TheListeningRoomTests */,
				4681EC092D92FD630067679B /* ExtensionTester */,
			);
		};
/* End PBXProject section */

/* Begin PBXResourcesBuildPhase section */
		463A9F132D413AFF00ABF576 /* Resources */ = {
			isa = PBXResourcesBuildPhase;
			buildActionMask = 2147483647;
			files = (
			);
			runOnlyForDeploymentPostprocessing = 0;
		};
		463A9F242D413AFF00ABF576 /* Resources */ = {
			isa = PBXResourcesBuildPhase;
			buildActionMask = 2147483647;
			files = (
			);
			runOnlyForDeploymentPostprocessing = 0;
		};
		4681EC082D92FD630067679B /* Resources */ = {
			isa = PBXResourcesBuildPhase;
			buildActionMask = 2147483647;
			files = (
			);
			runOnlyForDeploymentPostprocessing = 0;
		};
/* End PBXResourcesBuildPhase section */

/* Begin PBXSourcesBuildPhase section */
		463A9F112D413AFF00ABF576 /* Sources */ = {
			isa = PBXSourcesBuildPhase;
			buildActionMask = 2147483647;
			files = (
			);
			runOnlyForDeploymentPostprocessing = 0;
		};
		463A9F222D413AFF00ABF576 /* Sources */ = {
			isa = PBXSourcesBuildPhase;
			buildActionMask = 2147483647;
			files = (
			);
			runOnlyForDeploymentPostprocessing = 0;
		};
		4681EC062D92FD630067679B /* Sources */ = {
			isa = PBXSourcesBuildPhase;
			buildActionMask = 2147483647;
			files = (
			);
			runOnlyForDeploymentPostprocessing = 0;
		};
/* End PBXSourcesBuildPhase section */

/* Begin PBXTargetDependency section */
		463A9F282D413AFF00ABF576 /* PBXTargetDependency */ = {
			isa = PBXTargetDependency;
			target = 463A9F142D413AFF00ABF576 /* TheListeningRoom */;
			targetProxy = 463A9F272D413AFF00ABF576 /* PBXContainerItemProxy */;
		};
		463A9F5A2D413F3200ABF576 /* PBXTargetDependency */ = {
			isa = PBXTargetDependency;
			productRef = 463A9F592D413F3200ABF576 /* SFBAudioEngine */;
		};
		4681EC112D92FD630067679B /* PBXTargetDependency */ = {
			isa = PBXTargetDependency;
			target = 4681EC092D92FD630067679B /* ExtensionTester */;
			targetProxy = 4681EC102D92FD630067679B /* PBXContainerItemProxy */;
		};
/* End PBXTargetDependency section */

/* Begin XCBuildConfiguration section */
		463A9F382D413AFF00ABF576 /* Debug */ = {
			isa = XCBuildConfiguration;
			buildSettings = {
				ALWAYS_SEARCH_USER_PATHS = NO;
				ASSETCATALOG_COMPILER_GENERATE_SWIFT_ASSET_SYMBOL_EXTENSIONS = YES;
				CLANG_ANALYZER_NONNULL = YES;
				CLANG_ANALYZER_NUMBER_OBJECT_CONVERSION = YES_AGGRESSIVE;
				CLANG_CXX_LANGUAGE_STANDARD = "gnu++20";
				CLANG_ENABLE_MODULES = YES;
				CLANG_ENABLE_OBJC_ARC = YES;
				CLANG_ENABLE_OBJC_WEAK = YES;
				CLANG_WARN_BLOCK_CAPTURE_AUTORELEASING = YES;
				CLANG_WARN_BOOL_CONVERSION = YES;
				CLANG_WARN_COMMA = YES;
				CLANG_WARN_CONSTANT_CONVERSION = YES;
				CLANG_WARN_DEPRECATED_OBJC_IMPLEMENTATIONS = YES;
				CLANG_WARN_DIRECT_OBJC_ISA_USAGE = YES_ERROR;
				CLANG_WARN_DOCUMENTATION_COMMENTS = YES;
				CLANG_WARN_EMPTY_BODY = YES;
				CLANG_WARN_ENUM_CONVERSION = YES;
				CLANG_WARN_INFINITE_RECURSION = YES;
				CLANG_WARN_INT_CONVERSION = YES;
				CLANG_WARN_NON_LITERAL_NULL_CONVERSION = YES;
				CLANG_WARN_OBJC_IMPLICIT_RETAIN_SELF = YES;
				CLANG_WARN_OBJC_LITERAL_CONVERSION = YES;
				CLANG_WARN_OBJC_ROOT_CLASS = YES_ERROR;
				CLANG_WARN_QUOTED_INCLUDE_IN_FRAMEWORK_HEADER = YES;
				CLANG_WARN_RANGE_LOOP_ANALYSIS = YES;
				CLANG_WARN_STRICT_PROTOTYPES = YES;
				CLANG_WARN_SUSPICIOUS_MOVE = YES;
				CLANG_WARN_UNGUARDED_AVAILABILITY = YES_AGGRESSIVE;
				CLANG_WARN_UNREACHABLE_CODE = YES;
				CLANG_WARN__DUPLICATE_METHOD_MATCH = YES;
				COPY_PHASE_STRIP = NO;
				DEBUG_INFORMATION_FORMAT = dwarf;
				ENABLE_STRICT_OBJC_MSGSEND = YES;
				ENABLE_TESTABILITY = YES;
				ENABLE_USER_SCRIPT_SANDBOXING = YES;
				GCC_C_LANGUAGE_STANDARD = gnu17;
				GCC_DYNAMIC_NO_PIC = NO;
				GCC_NO_COMMON_BLOCKS = YES;
				GCC_OPTIMIZATION_LEVEL = 0;
				GCC_PREPROCESSOR_DEFINITIONS = (
					"DEBUG=1",
					"$(inherited)",
				);
				GCC_WARN_64_TO_32_BIT_CONVERSION = YES;
				GCC_WARN_ABOUT_RETURN_TYPE = YES_ERROR;
				GCC_WARN_UNDECLARED_SELECTOR = YES;
				GCC_WARN_UNINITIALIZED_AUTOS = YES_AGGRESSIVE;
				GCC_WARN_UNUSED_FUNCTION = YES;
				GCC_WARN_UNUSED_VARIABLE = YES;
				LOCALIZATION_PREFERS_STRING_CATALOGS = YES;
				MACOSX_DEPLOYMENT_TARGET = 15.1;
				MTL_ENABLE_DEBUG_INFO = INCLUDE_SOURCE;
				MTL_FAST_MATH = YES;
				ONLY_ACTIVE_ARCH = YES;
				SDKROOT = macosx;
				SWIFT_ACTIVE_COMPILATION_CONDITIONS = "DEBUG $(inherited)";
				SWIFT_EMIT_LOC_STRINGS = YES;
				SWIFT_OPTIMIZATION_LEVEL = "-Onone";
			};
			name = Debug;
		};
		463A9F392D413AFF00ABF576 /* Release */ = {
			isa = XCBuildConfiguration;
			buildSettings = {
				ALWAYS_SEARCH_USER_PATHS = NO;
				ASSETCATALOG_COMPILER_GENERATE_SWIFT_ASSET_SYMBOL_EXTENSIONS = YES;
				CLANG_ANALYZER_NONNULL = YES;
				CLANG_ANALYZER_NUMBER_OBJECT_CONVERSION = YES_AGGRESSIVE;
				CLANG_CXX_LANGUAGE_STANDARD = "gnu++20";
				CLANG_ENABLE_MODULES = YES;
				CLANG_ENABLE_OBJC_ARC = YES;
				CLANG_ENABLE_OBJC_WEAK = YES;
				CLANG_WARN_BLOCK_CAPTURE_AUTORELEASING = YES;
				CLANG_WARN_BOOL_CONVERSION = YES;
				CLANG_WARN_COMMA = YES;
				CLANG_WARN_CONSTANT_CONVERSION = YES;
				CLANG_WARN_DEPRECATED_OBJC_IMPLEMENTATIONS = YES;
				CLANG_WARN_DIRECT_OBJC_ISA_USAGE = YES_ERROR;
				CLANG_WARN_DOCUMENTATION_COMMENTS = YES;
				CLANG_WARN_EMPTY_BODY = YES;
				CLANG_WARN_ENUM_CONVERSION = YES;
				CLANG_WARN_INFINITE_RECURSION = YES;
				CLANG_WARN_INT_CONVERSION = YES;
				CLANG_WARN_NON_LITERAL_NULL_CONVERSION = YES;
				CLANG_WARN_OBJC_IMPLICIT_RETAIN_SELF = YES;
				CLANG_WARN_OBJC_LITERAL_CONVERSION = YES;
				CLANG_WARN_OBJC_ROOT_CLASS = YES_ERROR;
				CLANG_WARN_QUOTED_INCLUDE_IN_FRAMEWORK_HEADER = YES;
				CLANG_WARN_RANGE_LOOP_ANALYSIS = YES;
				CLANG_WARN_STRICT_PROTOTYPES = YES;
				CLANG_WARN_SUSPICIOUS_MOVE = YES;
				CLANG_WARN_UNGUARDED_AVAILABILITY = YES_AGGRESSIVE;
				CLANG_WARN_UNREACHABLE_CODE = YES;
				CLANG_WARN__DUPLICATE_METHOD_MATCH = YES;
				COPY_PHASE_STRIP = NO;
				DEBUG_INFORMATION_FORMAT = "dwarf-with-dsym";
				ENABLE_NS_ASSERTIONS = NO;
				ENABLE_STRICT_OBJC_MSGSEND = YES;
				ENABLE_USER_SCRIPT_SANDBOXING = YES;
				GCC_C_LANGUAGE_STANDARD = gnu17;
				GCC_NO_COMMON_BLOCKS = YES;
				GCC_WARN_64_TO_32_BIT_CONVERSION = YES;
				GCC_WARN_ABOUT_RETURN_TYPE = YES_ERROR;
				GCC_WARN_UNDECLARED_SELECTOR = YES;
				GCC_WARN_UNINITIALIZED_AUTOS = YES_AGGRESSIVE;
				GCC_WARN_UNUSED_FUNCTION = YES;
				GCC_WARN_UNUSED_VARIABLE = YES;
				LOCALIZATION_PREFERS_STRING_CATALOGS = YES;
				MACOSX_DEPLOYMENT_TARGET = 15.1;
				MTL_ENABLE_DEBUG_INFO = NO;
				MTL_FAST_MATH = YES;
				SDKROOT = macosx;
				SWIFT_COMPILATION_MODE = wholemodule;
				SWIFT_EMIT_LOC_STRINGS = YES;
			};
			name = Release;
		};
		463A9F3B2D413AFF00ABF576 /* Debug */ = {
			isa = XCBuildConfiguration;
			baseConfigurationReferenceAnchor = 463A9F172D413AFF00ABF576 /* TheListeningRoom */;
			baseConfigurationReferenceRelativePath = Config.xcconfig;
			buildSettings = {
				ASSETCATALOG_COMPILER_APPICON_NAME = AppIcon;
				ASSETCATALOG_COMPILER_GLOBAL_ACCENT_COLOR_NAME = AccentColor;
				CODE_SIGN_ENTITLEMENTS = TheListeningRoom/TheListeningRoom.entitlements;
				"CODE_SIGN_IDENTITY[sdk=macosx*]" = "Apple Development";
				CODE_SIGN_STYLE = Automatic;
				COMBINE_HIDPI_IMAGES = YES;
				CURRENT_PROJECT_VERSION = "$(BUILD_NUMBER)";
				DEVELOPMENT_ASSET_PATHS = "\"TheListeningRoom/Preview Content\"";
				DEVELOPMENT_TEAM = 5S5M6S4H56;
				ENABLE_HARDENED_RUNTIME = YES;
				ENABLE_PREVIEWS = YES;
				GENERATE_INFOPLIST_FILE = YES;
				INFOPLIST_FILE = TheListeningRoom/Info.plist;
				INFOPLIST_KEY_CFBundleDisplayName = "The Listening Room";
				INFOPLIST_KEY_LSApplicationCategoryType = "public.app-category.music";
				LD_RUNPATH_SEARCH_PATHS = (
					"$(inherited)",
					"@executable_path/../Frameworks",
				);
				MARKETING_VERSION = "$(MARKETING_VERSION)";
				PRODUCT_BUNDLE_IDENTIFIER = io.github.decarbonization.TheListeningRoom;
				PRODUCT_NAME = "$(TARGET_NAME)";
				SWIFT_EMIT_LOC_STRINGS = YES;
				SWIFT_VERSION = 5.0;
			};
			name = Debug;
		};
		463A9F3C2D413AFF00ABF576 /* Release */ = {
			isa = XCBuildConfiguration;
			baseConfigurationReferenceAnchor = 463A9F172D413AFF00ABF576 /* TheListeningRoom */;
			baseConfigurationReferenceRelativePath = Config.xcconfig;
			buildSettings = {
				ASSETCATALOG_COMPILER_APPICON_NAME = AppIcon;
				ASSETCATALOG_COMPILER_GLOBAL_ACCENT_COLOR_NAME = AccentColor;
				CODE_SIGN_ENTITLEMENTS = TheListeningRoom/TheListeningRoom.entitlements;
				"CODE_SIGN_IDENTITY[sdk=macosx*]" = "Apple Development";
				CODE_SIGN_STYLE = Automatic;
				COMBINE_HIDPI_IMAGES = YES;
				CURRENT_PROJECT_VERSION = "$(BUILD_NUMBER)";
				DEVELOPMENT_ASSET_PATHS = "\"TheListeningRoom/Preview Content\"";
				DEVELOPMENT_TEAM = 5S5M6S4H56;
				ENABLE_HARDENED_RUNTIME = YES;
				ENABLE_PREVIEWS = YES;
				GENERATE_INFOPLIST_FILE = YES;
				INFOPLIST_FILE = TheListeningRoom/Info.plist;
				INFOPLIST_KEY_CFBundleDisplayName = "The Listening Room";
				INFOPLIST_KEY_LSApplicationCategoryType = "public.app-category.music";
				LD_RUNPATH_SEARCH_PATHS = (
					"$(inherited)",
					"@executable_path/../Frameworks",
				);
				MARKETING_VERSION = "$(MARKETING_VERSION)";
				PRODUCT_BUNDLE_IDENTIFIER = io.github.decarbonization.TheListeningRoom;
				PRODUCT_NAME = "$(TARGET_NAME)";
				SWIFT_EMIT_LOC_STRINGS = YES;
				SWIFT_VERSION = 5.0;
			};
			name = Release;
		};
		463A9F3E2D413AFF00ABF576 /* Debug */ = {
			isa = XCBuildConfiguration;
			buildSettings = {
				BUNDLE_LOADER = "$(TEST_HOST)";
				CODE_SIGN_STYLE = Automatic;
				CURRENT_PROJECT_VERSION = 1;
				DEVELOPMENT_TEAM = 5S5M6S4H56;
				GENERATE_INFOPLIST_FILE = YES;
				MACOSX_DEPLOYMENT_TARGET = 15.1;
				MARKETING_VERSION = 1.0;
				PRODUCT_BUNDLE_IDENTIFIER = io.github.decarbonization.M9rTests;
				PRODUCT_NAME = "$(TARGET_NAME)";
				SWIFT_EMIT_LOC_STRINGS = NO;
				SWIFT_VERSION = 5.0;
				TEST_HOST = "$(BUILT_PRODUCTS_DIR)/TheListeningRoom.app/$(BUNDLE_EXECUTABLE_FOLDER_PATH)/TheListeningRoom";
			};
			name = Debug;
		};
		463A9F3F2D413AFF00ABF576 /* Release */ = {
			isa = XCBuildConfiguration;
			buildSettings = {
				BUNDLE_LOADER = "$(TEST_HOST)";
				CODE_SIGN_STYLE = Automatic;
				CURRENT_PROJECT_VERSION = 1;
				DEVELOPMENT_TEAM = 5S5M6S4H56;
				GENERATE_INFOPLIST_FILE = YES;
				MACOSX_DEPLOYMENT_TARGET = 15.1;
				MARKETING_VERSION = 1.0;
				PRODUCT_BUNDLE_IDENTIFIER = io.github.decarbonization.M9rTests;
				PRODUCT_NAME = "$(TARGET_NAME)";
				SWIFT_EMIT_LOC_STRINGS = NO;
				SWIFT_VERSION = 5.0;
				TEST_HOST = "$(BUILT_PRODUCTS_DIR)/TheListeningRoom.app/$(BUNDLE_EXECUTABLE_FOLDER_PATH)/TheListeningRoom";
			};
			name = Release;
		};
		4681EC142D92FD630067679B /* Debug */ = {
			isa = XCBuildConfiguration;
			baseConfigurationReferenceAnchor = 463A9F172D413AFF00ABF576 /* TheListeningRoom */;
			baseConfigurationReferenceRelativePath = Config.xcconfig;
			buildSettings = {
				CODE_SIGN_ENTITLEMENTS = ExtensionTester/ExtensionTester.entitlements;
				CODE_SIGN_STYLE = Automatic;
				CURRENT_PROJECT_VERSION = "$(BUILD_NUMBER)";
				DEVELOPMENT_TEAM = 5S5M6S4H56;
				ENABLE_HARDENED_RUNTIME = YES;
				GENERATE_INFOPLIST_FILE = YES;
				INFOPLIST_FILE = ExtensionTester/Info.plist;
				INFOPLIST_KEY_CFBundleDisplayName = ExtensionTester;
				LD_RUNPATH_SEARCH_PATHS = (
					"$(inherited)",
					"@executable_path/../Frameworks",
					"@executable_path/../../../../Frameworks",
				);
				MACOSX_DEPLOYMENT_TARGET = 15.2;
				MARKETING_VERSION = "$(MARKETING_VERSION)";
				PRODUCT_BUNDLE_IDENTIFIER = io.github.decarbonization.TheListeningRoom.ExtensionTester;
				PRODUCT_NAME = "$(TARGET_NAME)";
				SKIP_INSTALL = YES;
				SWIFT_EMIT_LOC_STRINGS = YES;
				SWIFT_VERSION = 5.0;
			};
			name = Debug;
		};
		4681EC152D92FD630067679B /* Release */ = {
			isa = XCBuildConfiguration;
			baseConfigurationReferenceAnchor = 463A9F172D413AFF00ABF576 /* TheListeningRoom */;
			baseConfigurationReferenceRelativePath = Config.xcconfig;
			buildSettings = {
				CODE_SIGN_ENTITLEMENTS = ExtensionTester/ExtensionTester.entitlements;
				CODE_SIGN_STYLE = Automatic;
				CURRENT_PROJECT_VERSION = "$(BUILD_NUMBER)";
				DEVELOPMENT_TEAM = 5S5M6S4H56;
				ENABLE_HARDENED_RUNTIME = YES;
				GENERATE_INFOPLIST_FILE = YES;
				INFOPLIST_FILE = ExtensionTester/Info.plist;
				INFOPLIST_KEY_CFBundleDisplayName = ExtensionTester;
				LD_RUNPATH_SEARCH_PATHS = (
					"$(inherited)",
					"@executable_path/../Frameworks",
					"@executable_path/../../../../Frameworks",
				);
				MACOSX_DEPLOYMENT_TARGET = 15.2;
				MARKETING_VERSION = "$(MARKETING_VERSION)";
				PRODUCT_BUNDLE_IDENTIFIER = io.github.decarbonization.TheListeningRoom.ExtensionTester;
				PRODUCT_NAME = "$(TARGET_NAME)";
				SKIP_INSTALL = YES;
				SWIFT_EMIT_LOC_STRINGS = YES;
				SWIFT_VERSION = 5.0;
			};
			name = Release;
		};
/* End XCBuildConfiguration section */

/* Begin XCConfigurationList section */
		463A9F102D413AFF00ABF576 /* Build configuration list for PBXProject "TheListeningRoom" */ = {
			isa = XCConfigurationList;
			buildConfigurations = (
				463A9F382D413AFF00ABF576 /* Debug */,
				463A9F392D413AFF00ABF576 /* Release */,
			);
			defaultConfigurationIsVisible = 0;
			defaultConfigurationName = Release;
		};
		463A9F3A2D413AFF00ABF576 /* Build configuration list for PBXNativeTarget "TheListeningRoom" */ = {
			isa = XCConfigurationList;
			buildConfigurations = (
				463A9F3B2D413AFF00ABF576 /* Debug */,
				463A9F3C2D413AFF00ABF576 /* Release */,
			);
			defaultConfigurationIsVisible = 0;
			defaultConfigurationName = Release;
		};
		463A9F3D2D413AFF00ABF576 /* Build configuration list for PBXNativeTarget "TheListeningRoomTests" */ = {
			isa = XCConfigurationList;
			buildConfigurations = (
				463A9F3E2D413AFF00ABF576 /* Debug */,
				463A9F3F2D413AFF00ABF576 /* Release */,
			);
			defaultConfigurationIsVisible = 0;
			defaultConfigurationName = Release;
		};
		4681EC132D92FD630067679B /* Build configuration list for PBXNativeTarget "ExtensionTester" */ = {
			isa = XCConfigurationList;
			buildConfigurations = (
				4681EC142D92FD630067679B /* Debug */,
				4681EC152D92FD630067679B /* Release */,
			);
			defaultConfigurationIsVisible = 0;
			defaultConfigurationName = Release;
		};
/* End XCConfigurationList section */

/* Begin XCRemoteSwiftPackageReference section */
		463A9F552D413F2000ABF576 /* XCRemoteSwiftPackageReference "SFBAudioEngine" */ = {
			isa = XCRemoteSwiftPackageReference;
			repositoryURL = "https://github.com/sbooth/SFBAudioEngine";
			requirement = {
				kind = upToNextMajorVersion;
				minimumVersion = 0.6.0;
			};
		};
		464DC2ED2D75F8930000D944 /* XCRemoteSwiftPackageReference "swift-collections" */ = {
			isa = XCRemoteSwiftPackageReference;
			repositoryURL = "https://github.com/apple/swift-collections.git";
			requirement = {
				kind = upToNextMajorVersion;
				minimumVersion = 1.1.4;
			};
		};
		464DC3AD2D7602C90000D944 /* XCRemoteSwiftPackageReference "swift-async-algorithms" */ = {
			isa = XCRemoteSwiftPackageReference;
			repositoryURL = "https://github.com/apple/swift-async-algorithms.git";
			requirement = {
				kind = upToNextMajorVersion;
				minimumVersion = 1.0.3;
			};
		};
/* End XCRemoteSwiftPackageReference section */

/* Begin XCSwiftPackageProductDependency section */
		463A9F572D413F2E00ABF576 /* SFBAudioEngine */ = {
			isa = XCSwiftPackageProductDependency;
			package = 463A9F552D413F2000ABF576 /* XCRemoteSwiftPackageReference "SFBAudioEngine" */;
			productName = SFBAudioEngine;
		};
		463A9F592D413F3200ABF576 /* SFBAudioEngine */ = {
			isa = XCSwiftPackageProductDependency;
			package = 463A9F552D413F2000ABF576 /* XCRemoteSwiftPackageReference "SFBAudioEngine" */;
			productName = SFBAudioEngine;
		};
		464DC2EE2D75F8A80000D944 /* OrderedCollections */ = {
			isa = XCSwiftPackageProductDependency;
			package = 464DC2ED2D75F8930000D944 /* XCRemoteSwiftPackageReference "swift-collections" */;
			productName = OrderedCollections;
		};
		464DC3AE2D7602C90000D944 /* AsyncAlgorithms */ = {
			isa = XCSwiftPackageProductDependency;
			package = 464DC3AD2D7602C90000D944 /* XCRemoteSwiftPackageReference "swift-async-algorithms" */;
			productName = AsyncAlgorithms;
		};
		46B6A9442D93511200BCE8CA /* TheListeningRoomExtensionSDK */ = {
			isa = XCSwiftPackageProductDependency;
			productName = TheListeningRoomExtensionSDK;
		};
		46B6A9462D93511600BCE8CA /* TheListeningRoomExtensionSDK */ = {
			isa = XCSwiftPackageProductDependency;
			productName = TheListeningRoomExtensionSDK;
		};
/* End XCSwiftPackageProductDependency section */
	};
	rootObject = 463A9F0D2D413AFF00ABF576 /* Project object */;
}
