// !$*UTF8*$!
{
	archiveVersion = 1;
	classes = {
	};
	objectVersion = 77;
	objects = {

/* Begin PBXBuildFile section */
		463A9F582D413F2E00ABF576 /* SFBAudioEngine in Frameworks */ = {isa = PBXBuildFile; productRef = 463A9F572D413F2E00ABF576 /* SFBAudioEngine */; };
/* End PBXBuildFile section */

/* Begin PBXContainerItemProxy section */
		463A9F272D413AFF00ABF576 /* PBXContainerItemProxy */ = {
			isa = PBXContainerItemProxy;
			containerPortal = 463A9F0D2D413AFF00ABF576 /* Project object */;
			proxyType = 1;
			remoteGlobalIDString = 463A9F142D413AFF00ABF576;
			remoteInfo = M9r;
		};
		463A9F312D413AFF00ABF576 /* PBXContainerItemProxy */ = {
			isa = PBXContainerItemProxy;
			containerPortal = 463A9F0D2D413AFF00ABF576 /* Project object */;
			proxyType = 1;
			remoteGlobalIDString = 463A9F142D413AFF00ABF576;
			remoteInfo = M9r;
		};
/* End PBXContainerItemProxy section */

/* Begin PBXFileReference section */
		463A9F152D413AFF00ABF576 /* M9r.app */ = {isa = PBXFileReference; explicitFileType = wrapper.application; includeInIndex = 0; path = M9r.app; sourceTree = BUILT_PRODUCTS_DIR; };
		463A9F262D413AFF00ABF576 /* M9rTests.xctest */ = {isa = PBXFileReference; explicitFileType = wrapper.cfbundle; includeInIndex = 0; path = M9rTests.xctest; sourceTree = BUILT_PRODUCTS_DIR; };
		463A9F302D413AFF00ABF576 /* M9rUITests.xctest */ = {isa = PBXFileReference; explicitFileType = wrapper.cfbundle; includeInIndex = 0; path = M9rUITests.xctest; sourceTree = BUILT_PRODUCTS_DIR; };
		463A9F532D413B1C00ABF576 /* LICENSE */ = {isa = PBXFileReference; lastKnownFileType = text; path = LICENSE; sourceTree = "<group>"; };
		463A9F542D413B1C00ABF576 /* README.md */ = {isa = PBXFileReference; lastKnownFileType = net.daringfireball.markdown; path = README.md; sourceTree = "<group>"; };
/* End PBXFileReference section */

/* Begin PBXFileSystemSynchronizedBuildFileExceptionSet section */
		467A01382D4C12520067EB43 /* Exceptions for "M9r" folder in "M9r" target */ = {
			isa = PBXFileSystemSynchronizedBuildFileExceptionSet;
			membershipExceptions = (
				Info.plist,
			);
			target = 463A9F142D413AFF00ABF576 /* M9r */;
		};
/* End PBXFileSystemSynchronizedBuildFileExceptionSet section */

/* Begin PBXFileSystemSynchronizedRootGroup section */
		463A9F172D413AFF00ABF576 /* M9r */ = {
			isa = PBXFileSystemSynchronizedRootGroup;
			exceptions = (
				467A01382D4C12520067EB43 /* Exceptions for "M9r" folder in "M9r" target */,
			);
			path = M9r;
			sourceTree = "<group>";
		};
		463A9F292D413AFF00ABF576 /* M9rTests */ = {
			isa = PBXFileSystemSynchronizedRootGroup;
			path = M9rTests;
			sourceTree = "<group>";
		};
		463A9F332D413AFF00ABF576 /* M9rUITests */ = {
			isa = PBXFileSystemSynchronizedRootGroup;
			path = M9rUITests;
			sourceTree = "<group>";
		};
/* End PBXFileSystemSynchronizedRootGroup section */

/* Begin PBXFrameworksBuildPhase section */
		463A9F122D413AFF00ABF576 /* Frameworks */ = {
			isa = PBXFrameworksBuildPhase;
			buildActionMask = 2147483647;
			files = (
				463A9F582D413F2E00ABF576 /* SFBAudioEngine in Frameworks */,
			);
			runOnlyForDeploymentPostprocessing = 0;
		};
		463A9F232D413AFF00ABF576 /* Frameworks */ = {
			isa = PBXFrameworksBuildPhase;
			buildActionMask = 2147483647;
			files = (
			);
			runOnlyForDeploymentPostprocessing = 0;
		};
		463A9F2D2D413AFF00ABF576 /* Frameworks */ = {
			isa = PBXFrameworksBuildPhase;
			buildActionMask = 2147483647;
			files = (
			);
			runOnlyForDeploymentPostprocessing = 0;
		};
/* End PBXFrameworksBuildPhase section */

/* Begin PBXGroup section */
		463A9F0C2D413AFF00ABF576 = {
			isa = PBXGroup;
			children = (
				463A9F542D413B1C00ABF576 /* README.md */,
				463A9F532D413B1C00ABF576 /* LICENSE */,
				463A9F172D413AFF00ABF576 /* M9r */,
				463A9F292D413AFF00ABF576 /* M9rTests */,
				463A9F332D413AFF00ABF576 /* M9rUITests */,
				463A9F562D413F2E00ABF576 /* Frameworks */,
				463A9F162D413AFF00ABF576 /* Products */,
			);
			sourceTree = "<group>";
		};
		463A9F162D413AFF00ABF576 /* Products */ = {
			isa = PBXGroup;
			children = (
				463A9F152D413AFF00ABF576 /* M9r.app */,
				463A9F262D413AFF00ABF576 /* M9rTests.xctest */,
				463A9F302D413AFF00ABF576 /* M9rUITests.xctest */,
			);
			name = Products;
			sourceTree = "<group>";
		};
		463A9F562D413F2E00ABF576 /* Frameworks */ = {
			isa = PBXGroup;
			children = (
			);
			name = Frameworks;
			sourceTree = "<group>";
		};
/* End PBXGroup section */

/* Begin PBXNativeTarget section */
		463A9F142D413AFF00ABF576 /* M9r */ = {
			isa = PBXNativeTarget;
			buildConfigurationList = 463A9F3A2D413AFF00ABF576 /* Build configuration list for PBXNativeTarget "M9r" */;
			buildPhases = (
				463A9F112D413AFF00ABF576 /* Sources */,
				463A9F122D413AFF00ABF576 /* Frameworks */,
				463A9F132D413AFF00ABF576 /* Resources */,
			);
			buildRules = (
			);
			dependencies = (
				463A9F5A2D413F3200ABF576 /* PBXTargetDependency */,
			);
			fileSystemSynchronizedGroups = (
				463A9F172D413AFF00ABF576 /* M9r */,
			);
			name = M9r;
			packageProductDependencies = (
				463A9F572D413F2E00ABF576 /* SFBAudioEngine */,
			);
			productName = M9r;
			productReference = 463A9F152D413AFF00ABF576 /* M9r.app */;
			productType = "com.apple.product-type.application";
		};
		463A9F252D413AFF00ABF576 /* M9rTests */ = {
			isa = PBXNativeTarget;
			buildConfigurationList = 463A9F3D2D413AFF00ABF576 /* Build configuration list for PBXNativeTarget "M9rTests" */;
			buildPhases = (
				463A9F222D413AFF00ABF576 /* Sources */,
				463A9F232D413AFF00ABF576 /* Frameworks */,
				463A9F242D413AFF00ABF576 /* Resources */,
			);
			buildRules = (
			);
			dependencies = (
				463A9F282D413AFF00ABF576 /* PBXTargetDependency */,
			);
			fileSystemSynchronizedGroups = (
				463A9F292D413AFF00ABF576 /* M9rTests */,
			);
			name = M9rTests;
			packageProductDependencies = (
			);
			productName = M9rTests;
			productReference = 463A9F262D413AFF00ABF576 /* M9rTests.xctest */;
			productType = "com.apple.product-type.bundle.unit-test";
		};
		463A9F2F2D413AFF00ABF576 /* M9rUITests */ = {
			isa = PBXNativeTarget;
			buildConfigurationList = 463A9F402D413AFF00ABF576 /* Build configuration list for PBXNativeTarget "M9rUITests" */;
			buildPhases = (
				463A9F2C2D413AFF00ABF576 /* Sources */,
				463A9F2D2D413AFF00ABF576 /* Frameworks */,
				463A9F2E2D413AFF00ABF576 /* Resources */,
			);
			buildRules = (
			);
			dependencies = (
				463A9F322D413AFF00ABF576 /* PBXTargetDependency */,
			);
			fileSystemSynchronizedGroups = (
				463A9F332D413AFF00ABF576 /* M9rUITests */,
			);
			name = M9rUITests;
			packageProductDependencies = (
			);
			productName = M9rUITests;
			productReference = 463A9F302D413AFF00ABF576 /* M9rUITests.xctest */;
			productType = "com.apple.product-type.bundle.ui-testing";
		};
/* End PBXNativeTarget section */

/* Begin PBXProject section */
		463A9F0D2D413AFF00ABF576 /* Project object */ = {
			isa = PBXProject;
			attributes = {
				BuildIndependentTargetsInParallel = 1;
				LastSwiftUpdateCheck = 1620;
				LastUpgradeCheck = 1620;
				ORGANIZATIONNAME = "M9r Project";
				TargetAttributes = {
					463A9F142D413AFF00ABF576 = {
						CreatedOnToolsVersion = 16.2;
					};
					463A9F252D413AFF00ABF576 = {
						CreatedOnToolsVersion = 16.2;
						TestTargetID = 463A9F142D413AFF00ABF576;
					};
					463A9F2F2D413AFF00ABF576 = {
						CreatedOnToolsVersion = 16.2;
						TestTargetID = 463A9F142D413AFF00ABF576;
					};
				};
			};
			buildConfigurationList = 463A9F102D413AFF00ABF576 /* Build configuration list for PBXProject "M9r" */;
			developmentRegion = en;
			hasScannedForEncodings = 0;
			knownRegions = (
				en,
				Base,
			);
			mainGroup = 463A9F0C2D413AFF00ABF576;
			minimizedProjectReferenceProxies = 1;
			packageReferences = (
				463A9F552D413F2000ABF576 /* XCRemoteSwiftPackageReference "SFBAudioEngine" */,
			);
			preferredProjectObjectVersion = 77;
			productRefGroup = 463A9F162D413AFF00ABF576 /* Products */;
			projectDirPath = "";
			projectRoot = "";
			targets = (
				463A9F142D413AFF00ABF576 /* M9r */,
				463A9F252D413AFF00ABF576 /* M9rTests */,
				463A9F2F2D413AFF00ABF576 /* M9rUITests */,
			);
		};
/* End PBXProject section */

/* Begin PBXResourcesBuildPhase section */
		463A9F132D413AFF00ABF576 /* Resources */ = {
			isa = PBXResourcesBuildPhase;
			buildActionMask = 2147483647;
			files = (
			);
			runOnlyForDeploymentPostprocessing = 0;
		};
		463A9F242D413AFF00ABF576 /* Resources */ = {
			isa = PBXResourcesBuildPhase;
			buildActionMask = 2147483647;
			files = (
			);
			runOnlyForDeploymentPostprocessing = 0;
		};
		463A9F2E2D413AFF00ABF576 /* Resources */ = {
			isa = PBXResourcesBuildPhase;
			buildActionMask = 2147483647;
			files = (
			);
			runOnlyForDeploymentPostprocessing = 0;
		};
/* End PBXResourcesBuildPhase section */

/* Begin PBXSourcesBuildPhase section */
		463A9F112D413AFF00ABF576 /* Sources */ = {
			isa = PBXSourcesBuildPhase;
			buildActionMask = 2147483647;
			files = (
			);
			runOnlyForDeploymentPostprocessing = 0;
		};
		463A9F222D413AFF00ABF576 /* Sources */ = {
			isa = PBXSourcesBuildPhase;
			buildActionMask = 2147483647;
			files = (
			);
			runOnlyForDeploymentPostprocessing = 0;
		};
		463A9F2C2D413AFF00ABF576 /* Sources */ = {
			isa = PBXSourcesBuildPhase;
			buildActionMask = 2147483647;
			files = (
			);
			runOnlyForDeploymentPostprocessing = 0;
		};
/* End PBXSourcesBuildPhase section */

/* Begin PBXTargetDependency section */
		463A9F282D413AFF00ABF576 /* PBXTargetDependency */ = {
			isa = PBXTargetDependency;
			target = 463A9F142D413AFF00ABF576 /* M9r */;
			targetProxy = 463A9F272D413AFF00ABF576 /* PBXContainerItemProxy */;
		};
		463A9F322D413AFF00ABF576 /* PBXTargetDependency */ = {
			isa = PBXTargetDependency;
			target = 463A9F142D413AFF00ABF576 /* M9r */;
			targetProxy = 463A9F312D413AFF00ABF576 /* PBXContainerItemProxy */;
		};
		463A9F5A2D413F3200ABF576 /* PBXTargetDependency */ = {
			isa = PBXTargetDependency;
			productRef = 463A9F592D413F3200ABF576 /* SFBAudioEngine */;
		};
/* End PBXTargetDependency section */

/* Begin XCBuildConfiguration section */
		463A9F382D413AFF00ABF576 /* Debug */ = {
			isa = XCBuildConfiguration;
			buildSettings = {
				ALWAYS_SEARCH_USER_PATHS = NO;
				ASSETCATALOG_COMPILER_GENERATE_SWIFT_ASSET_SYMBOL_EXTENSIONS = YES;
				CLANG_ANALYZER_NONNULL = YES;
				CLANG_ANALYZER_NUMBER_OBJECT_CONVERSION = YES_AGGRESSIVE;
				CLANG_CXX_LANGUAGE_STANDARD = "gnu++20";
				CLANG_ENABLE_MODULES = YES;
				CLANG_ENABLE_OBJC_ARC = YES;
				CLANG_ENABLE_OBJC_WEAK = YES;
				CLANG_WARN_BLOCK_CAPTURE_AUTORELEASING = YES;
				CLANG_WARN_BOOL_CONVERSION = YES;
				CLANG_WARN_COMMA = YES;
				CLANG_WARN_CONSTANT_CONVERSION = YES;
				CLANG_WARN_DEPRECATED_OBJC_IMPLEMENTATIONS = YES;
				CLANG_WARN_DIRECT_OBJC_ISA_USAGE = YES_ERROR;
				CLANG_WARN_DOCUMENTATION_COMMENTS = YES;
				CLANG_WARN_EMPTY_BODY = YES;
				CLANG_WARN_ENUM_CONVERSION = YES;
				CLANG_WARN_INFINITE_RECURSION = YES;
				CLANG_WARN_INT_CONVERSION = YES;
				CLANG_WARN_NON_LITERAL_NULL_CONVERSION = YES;
				CLANG_WARN_OBJC_IMPLICIT_RETAIN_SELF = YES;
				CLANG_WARN_OBJC_LITERAL_CONVERSION = YES;
				CLANG_WARN_OBJC_ROOT_CLASS = YES_ERROR;
				CLANG_WARN_QUOTED_INCLUDE_IN_FRAMEWORK_HEADER = YES;
				CLANG_WARN_RANGE_LOOP_ANALYSIS = YES;
				CLANG_WARN_STRICT_PROTOTYPES = YES;
				CLANG_WARN_SUSPICIOUS_MOVE = YES;
				CLANG_WARN_UNGUARDED_AVAILABILITY = YES_AGGRESSIVE;
				CLANG_WARN_UNREACHABLE_CODE = YES;
				CLANG_WARN__DUPLICATE_METHOD_MATCH = YES;
				COPY_PHASE_STRIP = NO;
				DEBUG_INFORMATION_FORMAT = dwarf;
				ENABLE_STRICT_OBJC_MSGSEND = YES;
				ENABLE_TESTABILITY = YES;
				ENABLE_USER_SCRIPT_SANDBOXING = YES;
				GCC_C_LANGUAGE_STANDARD = gnu17;
				GCC_DYNAMIC_NO_PIC = NO;
				GCC_NO_COMMON_BLOCKS = YES;
				GCC_OPTIMIZATION_LEVEL = 0;
				GCC_PREPROCESSOR_DEFINITIONS = (
					"DEBUG=1",
					"$(inherited)",
				);
				GCC_WARN_64_TO_32_BIT_CONVERSION = YES;
				GCC_WARN_ABOUT_RETURN_TYPE = YES_ERROR;
				GCC_WARN_UNDECLARED_SELECTOR = YES;
				GCC_WARN_UNINITIALIZED_AUTOS = YES_AGGRESSIVE;
				GCC_WARN_UNUSED_FUNCTION = YES;
				GCC_WARN_UNUSED_VARIABLE = YES;
				LOCALIZATION_PREFERS_STRING_CATALOGS = YES;
				MACOSX_DEPLOYMENT_TARGET = 15.1;
				MTL_ENABLE_DEBUG_INFO = INCLUDE_SOURCE;
				MTL_FAST_MATH = YES;
				ONLY_ACTIVE_ARCH = YES;
				SDKROOT = macosx;
				SWIFT_ACTIVE_COMPILATION_CONDITIONS = "DEBUG $(inherited)";
				SWIFT_OPTIMIZATION_LEVEL = "-Onone";
			};
			name = Debug;
		};
		463A9F392D413AFF00ABF576 /* Release */ = {
			isa = XCBuildConfiguration;
			buildSettings = {
				ALWAYS_SEARCH_USER_PATHS = NO;
				ASSETCATALOG_COMPILER_GENERATE_SWIFT_ASSET_SYMBOL_EXTENSIONS = YES;
				CLANG_ANALYZER_NONNULL = YES;
				CLANG_ANALYZER_NUMBER_OBJECT_CONVERSION = YES_AGGRESSIVE;
				CLANG_CXX_LANGUAGE_STANDARD = "gnu++20";
				CLANG_ENABLE_MODULES = YES;
				CLANG_ENABLE_OBJC_ARC = YES;
				CLANG_ENABLE_OBJC_WEAK = YES;
				CLANG_WARN_BLOCK_CAPTURE_AUTORELEASING = YES;
				CLANG_WARN_BOOL_CONVERSION = YES;
				CLANG_WARN_COMMA = YES;
				CLANG_WARN_CONSTANT_CONVERSION = YES;
				CLANG_WARN_DEPRECATED_OBJC_IMPLEMENTATIONS = YES;
				CLANG_WARN_DIRECT_OBJC_ISA_USAGE = YES_ERROR;
				CLANG_WARN_DOCUMENTATION_COMMENTS = YES;
				CLANG_WARN_EMPTY_BODY = YES;
				CLANG_WARN_ENUM_CONVERSION = YES;
				CLANG_WARN_INFINITE_RECURSION = YES;
				CLANG_WARN_INT_CONVERSION = YES;
				CLANG_WARN_NON_LITERAL_NULL_CONVERSION = YES;
				CLANG_WARN_OBJC_IMPLICIT_RETAIN_SELF = YES;
				CLANG_WARN_OBJC_LITERAL_CONVERSION = YES;
				CLANG_WARN_OBJC_ROOT_CLASS = YES_ERROR;
				CLANG_WARN_QUOTED_INCLUDE_IN_FRAMEWORK_HEADER = YES;
				CLANG_WARN_RANGE_LOOP_ANALYSIS = YES;
				CLANG_WARN_STRICT_PROTOTYPES = YES;
				CLANG_WARN_SUSPICIOUS_MOVE = YES;
				CLANG_WARN_UNGUARDED_AVAILABILITY = YES_AGGRESSIVE;
				CLANG_WARN_UNREACHABLE_CODE = YES;
				CLANG_WARN__DUPLICATE_METHOD_MATCH = YES;
				COPY_PHASE_STRIP = NO;
				DEBUG_INFORMATION_FORMAT = "dwarf-with-dsym";
				ENABLE_NS_ASSERTIONS = NO;
				ENABLE_STRICT_OBJC_MSGSEND = YES;
				ENABLE_USER_SCRIPT_SANDBOXING = YES;
				GCC_C_LANGUAGE_STANDARD = gnu17;
				GCC_NO_COMMON_BLOCKS = YES;
				GCC_WARN_64_TO_32_BIT_CONVERSION = YES;
				GCC_WARN_ABOUT_RETURN_TYPE = YES_ERROR;
				GCC_WARN_UNDECLARED_SELECTOR = YES;
				GCC_WARN_UNINITIALIZED_AUTOS = YES_AGGRESSIVE;
				GCC_WARN_UNUSED_FUNCTION = YES;
				GCC_WARN_UNUSED_VARIABLE = YES;
				LOCALIZATION_PREFERS_STRING_CATALOGS = YES;
				MACOSX_DEPLOYMENT_TARGET = 15.1;
				MTL_ENABLE_DEBUG_INFO = NO;
				MTL_FAST_MATH = YES;
				SDKROOT = macosx;
				SWIFT_COMPILATION_MODE = wholemodule;
			};
			name = Release;
		};
		463A9F3B2D413AFF00ABF576 /* Debug */ = {
			isa = XCBuildConfiguration;
			buildSettings = {
				ASSETCATALOG_COMPILER_APPICON_NAME = AppIcon;
				ASSETCATALOG_COMPILER_GLOBAL_ACCENT_COLOR_NAME = AccentColor;
				CODE_SIGN_ENTITLEMENTS = M9r/M9r.entitlements;
				"CODE_SIGN_IDENTITY[sdk=macosx*]" = "Apple Development";
				CODE_SIGN_STYLE = Automatic;
				COMBINE_HIDPI_IMAGES = YES;
				CURRENT_PROJECT_VERSION = 1;
				DEVELOPMENT_ASSET_PATHS = "\"M9r/Preview Content\"";
				DEVELOPMENT_TEAM = 5S5M6S4H56;
				ENABLE_PREVIEWS = YES;
				GENERATE_INFOPLIST_FILE = YES;
				INFOPLIST_FILE = M9r/Info.plist;
				INFOPLIST_KEY_CFBundleDisplayName = M9r;
				INFOPLIST_KEY_LSApplicationCategoryType = "public.app-category.music";
				INFOPLIST_KEY_NSHumanReadableCopyright = "";
				LD_RUNPATH_SEARCH_PATHS = (
					"$(inherited)",
					"@executable_path/../Frameworks",
				);
				MACOSX_DEPLOYMENT_TARGET = 15.1;
				MARKETING_VERSION = 0.0.0;
				PRODUCT_BUNDLE_IDENTIFIER = io.github.decarbonization.M9r;
				PRODUCT_NAME = "$(TARGET_NAME)";
				SWIFT_EMIT_LOC_STRINGS = YES;
				SWIFT_VERSION = 5.0;
			};
			name = Debug;
		};
		463A9F3C2D413AFF00ABF576 /* Release */ = {
			isa = XCBuildConfiguration;
			buildSettings = {
				ASSETCATALOG_COMPILER_APPICON_NAME = AppIcon;
				ASSETCATALOG_COMPILER_GLOBAL_ACCENT_COLOR_NAME = AccentColor;
				CODE_SIGN_ENTITLEMENTS = M9r/M9r.entitlements;
				"CODE_SIGN_IDENTITY[sdk=macosx*]" = "Apple Development";
				CODE_SIGN_STYLE = Automatic;
				COMBINE_HIDPI_IMAGES = YES;
				CURRENT_PROJECT_VERSION = 1;
				DEVELOPMENT_ASSET_PATHS = "\"M9r/Preview Content\"";
				DEVELOPMENT_TEAM = 5S5M6S4H56;
				ENABLE_PREVIEWS = YES;
				GENERATE_INFOPLIST_FILE = YES;
				INFOPLIST_FILE = M9r/Info.plist;
				INFOPLIST_KEY_CFBundleDisplayName = M9r;
				INFOPLIST_KEY_LSApplicationCategoryType = "public.app-category.music";
				INFOPLIST_KEY_NSHumanReadableCopyright = "";
				LD_RUNPATH_SEARCH_PATHS = (
					"$(inherited)",
					"@executable_path/../Frameworks",
				);
				MACOSX_DEPLOYMENT_TARGET = 15.1;
				MARKETING_VERSION = 0.0.0;
				PRODUCT_BUNDLE_IDENTIFIER = io.github.decarbonization.M9r;
				PRODUCT_NAME = "$(TARGET_NAME)";
				SWIFT_EMIT_LOC_STRINGS = YES;
				SWIFT_VERSION = 5.0;
			};
			name = Release;
		};
		463A9F3E2D413AFF00ABF576 /* Debug */ = {
			isa = XCBuildConfiguration;
			buildSettings = {
				BUNDLE_LOADER = "$(TEST_HOST)";
				CODE_SIGN_STYLE = Automatic;
				CURRENT_PROJECT_VERSION = 1;
				GENERATE_INFOPLIST_FILE = YES;
				MACOSX_DEPLOYMENT_TARGET = 15.1;
				MARKETING_VERSION = 1.0;
				PRODUCT_BUNDLE_IDENTIFIER = io.github.decarbonization.M9rTests;
				PRODUCT_NAME = "$(TARGET_NAME)";
				SWIFT_EMIT_LOC_STRINGS = NO;
				SWIFT_VERSION = 5.0;
				TEST_HOST = "$(BUILT_PRODUCTS_DIR)/M9r.app/$(BUNDLE_EXECUTABLE_FOLDER_PATH)/M9r";
			};
			name = Debug;
		};
		463A9F3F2D413AFF00ABF576 /* Release */ = {
			isa = XCBuildConfiguration;
			buildSettings = {
				BUNDLE_LOADER = "$(TEST_HOST)";
				CODE_SIGN_STYLE = Automatic;
				CURRENT_PROJECT_VERSION = 1;
				GENERATE_INFOPLIST_FILE = YES;
				MACOSX_DEPLOYMENT_TARGET = 15.1;
				MARKETING_VERSION = 1.0;
				PRODUCT_BUNDLE_IDENTIFIER = io.github.decarbonization.M9rTests;
				PRODUCT_NAME = "$(TARGET_NAME)";
				SWIFT_EMIT_LOC_STRINGS = NO;
				SWIFT_VERSION = 5.0;
				TEST_HOST = "$(BUILT_PRODUCTS_DIR)/M9r.app/$(BUNDLE_EXECUTABLE_FOLDER_PATH)/M9r";
			};
			name = Release;
		};
		463A9F412D413AFF00ABF576 /* Debug */ = {
			isa = XCBuildConfiguration;
			buildSettings = {
				CODE_SIGN_STYLE = Automatic;
				CURRENT_PROJECT_VERSION = 1;
				GENERATE_INFOPLIST_FILE = YES;
				MARKETING_VERSION = 1.0;
				PRODUCT_BUNDLE_IDENTIFIER = io.github.decarbonization.M9rUITests;
				PRODUCT_NAME = "$(TARGET_NAME)";
				SWIFT_EMIT_LOC_STRINGS = NO;
				SWIFT_VERSION = 5.0;
				TEST_TARGET_NAME = M9r;
			};
			name = Debug;
		};
		463A9F422D413AFF00ABF576 /* Release */ = {
			isa = XCBuildConfiguration;
			buildSettings = {
				CODE_SIGN_STYLE = Automatic;
				CURRENT_PROJECT_VERSION = 1;
				GENERATE_INFOPLIST_FILE = YES;
				MARKETING_VERSION = 1.0;
				PRODUCT_BUNDLE_IDENTIFIER = io.github.decarbonization.M9rUITests;
				PRODUCT_NAME = "$(TARGET_NAME)";
				SWIFT_EMIT_LOC_STRINGS = NO;
				SWIFT_VERSION = 5.0;
				TEST_TARGET_NAME = M9r;
			};
			name = Release;
		};
/* End XCBuildConfiguration section */

/* Begin XCConfigurationList section */
		463A9F102D413AFF00ABF576 /* Build configuration list for PBXProject "M9r" */ = {
			isa = XCConfigurationList;
			buildConfigurations = (
				463A9F382D413AFF00ABF576 /* Debug */,
				463A9F392D413AFF00ABF576 /* Release */,
			);
			defaultConfigurationIsVisible = 0;
			defaultConfigurationName = Release;
		};
		463A9F3A2D413AFF00ABF576 /* Build configuration list for PBXNativeTarget "M9r" */ = {
			isa = XCConfigurationList;
			buildConfigurations = (
				463A9F3B2D413AFF00ABF576 /* Debug */,
				463A9F3C2D413AFF00ABF576 /* Release */,
			);
			defaultConfigurationIsVisible = 0;
			defaultConfigurationName = Release;
		};
		463A9F3D2D413AFF00ABF576 /* Build configuration list for PBXNativeTarget "M9rTests" */ = {
			isa = XCConfigurationList;
			buildConfigurations = (
				463A9F3E2D413AFF00ABF576 /* Debug */,
				463A9F3F2D413AFF00ABF576 /* Release */,
			);
			defaultConfigurationIsVisible = 0;
			defaultConfigurationName = Release;
		};
		463A9F402D413AFF00ABF576 /* Build configuration list for PBXNativeTarget "M9rUITests" */ = {
			isa = XCConfigurationList;
			buildConfigurations = (
				463A9F412D413AFF00ABF576 /* Debug */,
				463A9F422D413AFF00ABF576 /* Release */,
			);
			defaultConfigurationIsVisible = 0;
			defaultConfigurationName = Release;
		};
/* End XCConfigurationList section */

/* Begin XCRemoteSwiftPackageReference section */
		463A9F552D413F2000ABF576 /* XCRemoteSwiftPackageReference "SFBAudioEngine" */ = {
			isa = XCRemoteSwiftPackageReference;
			repositoryURL = "https://github.com/sbooth/SFBAudioEngine";
			requirement = {
				kind = upToNextMajorVersion;
				minimumVersion = 0.6.0;
			};
		};
/* End XCRemoteSwiftPackageReference section */

/* Begin XCSwiftPackageProductDependency section */
		463A9F572D413F2E00ABF576 /* SFBAudioEngine */ = {
			isa = XCSwiftPackageProductDependency;
			package = 463A9F552D413F2000ABF576 /* XCRemoteSwiftPackageReference "SFBAudioEngine" */;
			productName = SFBAudioEngine;
		};
		463A9F592D413F3200ABF576 /* SFBAudioEngine */ = {
			isa = XCSwiftPackageProductDependency;
			package = 463A9F552D413F2000ABF576 /* XCRemoteSwiftPackageReference "SFBAudioEngine" */;
			productName = SFBAudioEngine;
		};
/* End XCSwiftPackageProductDependency section */
	};
	rootObject = 463A9F0D2D413AFF00ABF576 /* Project object */;
}
